<?xml version="1.0" encoding="UTF-8"?>
<Scheme
   version = "1.3">
   <BuildAction>
      <BuildActionEntries>
         <BuildActionEntry
            buildForRunning = "YES">
            <BuildableReference
               BuildableIdentifier = "primary"
               BlueprintIdentifier = "D4849C5574ED9BDF3391863C"
               BuildableName = "DynamicHeightCellTest.app"
               BlueprintName = "DynamicHeightCellTest"
               ReferencedContainer = "container:DynamicHeightCellTest.xcodeproj">
            </BuildableReference>
         </BuildActionEntry>
      </BuildActionEntries>
   </BuildAction>
   <LaunchAction
      useCustomWorkingDirectory = "NO"
      buildConfiguration = "Debug">
      <BuildableProductRunnable>
         <BuildableReference
            BuildableIdentifier = "primary"
            BlueprintIdentifier = "D4849C5574ED9BDF3391863C"
            BuildableName = "DynamicHeightCellTest.app"
            BlueprintName = "DynamicHeightCellTest"
            ReferencedContainer = "container:DynamicHeightCellTest.xcodeproj">
         </BuildableReference>
      </BuildableProductRunnable>
   </LaunchAction>
</Scheme>
